
Microsoft Visual Studio Solution File, Format Version 12.00
# Visual Studio 15
Project("{FAE04EC0-301F-11D3-BF4B-00C04F79EFBC}") = "Assembly-CSharp", "Assembly-CSharp.csproj", "{10E796D5-0161-AB10-E2F2-1B8F06368F67}"
EndProject
Project("{FAE04EC0-301F-11D3-BF4B-00C04F79EFBC}") = "Quantum.Simulation", "Quantum.Simulation.csproj", "{64BE3B0A-1E8E-4BED-32B9-82F2113E3AC4}"
EndProject
Project("{FAE04EC0-301F-11D3-BF4B-00C04F79EFBC}") = "Quantum.Unity", "Quantum.Unity.csproj", "{8E3F25BE-A1A2-1B71-02FE-12F693C73DDA}"
EndProject
Project("{FAE04EC0-301F-11D3-BF4B-00C04F79EFBC}") = "Photon.Realtime", "Photon.Realtime.csproj", "{AE110533-E32B-46EA-4570-261184A4B7B5}"
EndProject
Project("{FAE04EC0-301F-11D3-BF4B-00C04F79EFBC}") = "Assembly-CSharp-Editor", "Assembly-CSharp-Editor.csproj", "{AEE64263-6080-5BD3-B11E-00E9EC14028D}"
EndProject
Project("{FAE04EC0-301F-11D3-BF4B-00C04F79EFBC}") = "Quantum.Unity.Editor", "Quantum.Unity.Editor.csproj", "{7AF49537-5963-4197-6BA3-20BA64EDAE03}"
EndProject
Project("{FAE04EC0-301F-11D3-BF4B-00C04F79EFBC}") = "Assembly-CSharp-firstpass", "Assembly-CSharp-firstpass.csproj", "{AEC906E5-3D85-0AD8-73FC-FE4F25185642}"
EndProject
Project("{FAE04EC0-301F-11D3-BF4B-00C04F79EFBC}") = "Tayx.Graphy", "Tayx.Graphy.csproj", "{EC8D4F1B-CAD5-EED1-81B7-02A6F1AB7669}"
EndProject
Project("{FAE04EC0-301F-11D3-BF4B-00C04F79EFBC}") = "Tayx.Graphy.Editor", "Tayx.Graphy.Editor.csproj", "{C2FFF1B5-1913-C2F9-6DB5-3384FC988E33}"
EndProject
Project("{FAE04EC0-301F-11D3-BF4B-00C04F79EFBC}") = "Quantum.Unity.Editor.CodeGen", "Quantum.Unity.Editor.CodeGen.csproj", "{BBC0C80F-9732-43F3-4782-611AB34941FE}"
EndProject
Global
	GlobalSection(SolutionConfigurationPlatforms) = preSolution
		Debug|Any CPU = Debug|Any CPU
		Release|Any CPU = Release|Any CPU
	EndGlobalSection
	GlobalSection(ProjectConfigurationPlatforms) = postSolution
		{10E796D5-0161-AB10-E2F2-1B8F06368F67}.Debug|Any CPU.ActiveCfg = Debug|Any CPU
		{10E796D5-0161-AB10-E2F2-1B8F06368F67}.Debug|Any CPU.Build.0 = Debug|Any CPU
		{10E796D5-0161-AB10-E2F2-1B8F06368F67}.Release|Any CPU.ActiveCfg = Release|Any CPU
		{10E796D5-0161-AB10-E2F2-1B8F06368F67}.Release|Any CPU.Build.0 = Release|Any CPU
		{64BE3B0A-1E8E-4BED-32B9-82F2113E3AC4}.Debug|Any CPU.ActiveCfg = Debug|Any CPU
		{64BE3B0A-1E8E-4BED-32B9-82F2113E3AC4}.Debug|Any CPU.Build.0 = Debug|Any CPU
		{64BE3B0A-1E8E-4BED-32B9-82F2113E3AC4}.Release|Any CPU.ActiveCfg = Release|Any CPU
		{64BE3B0A-1E8E-4BED-32B9-82F2113E3AC4}.Release|Any CPU.Build.0 = Release|Any CPU
		{8E3F25BE-A1A2-1B71-02FE-12F693C73DDA}.Debug|Any CPU.ActiveCfg = Debug|Any CPU
		{8E3F25BE-A1A2-1B71-02FE-12F693C73DDA}.Debug|Any CPU.Build.0 = Debug|Any CPU
		{8E3F25BE-A1A2-1B71-02FE-12F693C73DDA}.Release|Any CPU.ActiveCfg = Release|Any CPU
		{8E3F25BE-A1A2-1B71-02FE-12F693C73DDA}.Release|Any CPU.Build.0 = Release|Any CPU
		{AE110533-E32B-46EA-4570-261184A4B7B5}.Debug|Any CPU.ActiveCfg = Debug|Any CPU
		{AE110533-E32B-46EA-4570-261184A4B7B5}.Debug|Any CPU.Build.0 = Debug|Any CPU
		{AE110533-E32B-46EA-4570-261184A4B7B5}.Release|Any CPU.ActiveCfg = Release|Any CPU
		{AE110533-E32B-46EA-4570-261184A4B7B5}.Release|Any CPU.Build.0 = Release|Any CPU
		{AEE64263-6080-5BD3-B11E-00E9EC14028D}.Debug|Any CPU.ActiveCfg = Debug|Any CPU
		{AEE64263-6080-5BD3-B11E-00E9EC14028D}.Debug|Any CPU.Build.0 = Debug|Any CPU
		{AEE64263-6080-5BD3-B11E-00E9EC14028D}.Release|Any CPU.ActiveCfg = Release|Any CPU
		{AEE64263-6080-5BD3-B11E-00E9EC14028D}.Release|Any CPU.Build.0 = Release|Any CPU
		{7AF49537-5963-4197-6BA3-20BA64EDAE03}.Debug|Any CPU.ActiveCfg = Debug|Any CPU
		{7AF49537-5963-4197-6BA3-20BA64EDAE03}.Debug|Any CPU.Build.0 = Debug|Any CPU
		{7AF49537-5963-4197-6BA3-20BA64EDAE03}.Release|Any CPU.ActiveCfg = Release|Any CPU
		{7AF49537-5963-4197-6BA3-20BA64EDAE03}.Release|Any CPU.Build.0 = Release|Any CPU
		{AEC906E5-3D85-0AD8-73FC-FE4F25185642}.Debug|Any CPU.ActiveCfg = Debug|Any CPU
		{AEC906E5-3D85-0AD8-73FC-FE4F25185642}.Debug|Any CPU.Build.0 = Debug|Any CPU
		{AEC906E5-3D85-0AD8-73FC-FE4F25185642}.Release|Any CPU.ActiveCfg = Release|Any CPU
		{AEC906E5-3D85-0AD8-73FC-FE4F25185642}.Release|Any CPU.Build.0 = Release|Any CPU
		{EC8D4F1B-CAD5-EED1-81B7-02A6F1AB7669}.Debug|Any CPU.ActiveCfg = Debug|Any CPU
		{EC8D4F1B-CAD5-EED1-81B7-02A6F1AB7669}.Debug|Any CPU.Build.0 = Debug|Any CPU
		{EC8D4F1B-CAD5-EED1-81B7-02A6F1AB7669}.Release|Any CPU.ActiveCfg = Release|Any CPU
		{EC8D4F1B-CAD5-EED1-81B7-02A6F1AB7669}.Release|Any CPU.Build.0 = Release|Any CPU
		{C2FFF1B5-1913-C2F9-6DB5-3384FC988E33}.Debug|Any CPU.ActiveCfg = Debug|Any CPU
		{C2FFF1B5-1913-C2F9-6DB5-3384FC988E33}.Debug|Any CPU.Build.0 = Debug|Any CPU
		{C2FFF1B5-1913-C2F9-6DB5-3384FC988E33}.Release|Any CPU.ActiveCfg = Release|Any CPU
		{C2FFF1B5-1913-C2F9-6DB5-3384FC988E33}.Release|Any CPU.Build.0 = Release|Any CPU
		{BBC0C80F-9732-43F3-4782-611AB34941FE}.Debug|Any CPU.ActiveCfg = Debug|Any CPU
		{BBC0C80F-9732-43F3-4782-611AB34941FE}.Debug|Any CPU.Build.0 = Debug|Any CPU
		{BBC0C80F-9732-43F3-4782-611AB34941FE}.Release|Any CPU.ActiveCfg = Release|Any CPU
		{BBC0C80F-9732-43F3-4782-611AB34941FE}.Release|Any CPU.Build.0 = Release|Any CPU
	EndGlobalSection
	GlobalSection(SolutionProperties) = preSolution
		HideSolutionNode = FALSE
	EndGlobalSection
EndGlobal
